
Microsoft Visual Studio Solution File, Format Version 12.00
# Visual Studio Version 17
VisualStudioVersion = 17.12.35527.113
MinimumVisualStudioVersion = 10.0.40219.1
Project("{FAE04EC0-301F-11D3-BF4B-00C04F79EFBC}") = "WebApplication1", "WebApplication1\WebApplication1.csproj", "{5150A992-CF52-4888-A173-0214C170CE79}"
EndProject
Project("{2150E333-8FDC-42A3-9474-1A3956D46DE8}") = "Commons", "Commons", "{477D6E66-D9B5-41F9-A7A4-B1E611B60AC0}"
EndProject
Project("{FAE04EC0-301F-11D3-BF4B-00C04F79EFBC}") = "CommonsInitializer", "CommonsInitializer\CommonsInitializer.csproj", "{4D318FFF-FD47-42EB-A8C5-64D99B3F87BB}"
EndProject
Project("{2150E333-8FDC-42A3-9474-1A3956D46DE8}") = "IdentityService", "IdentityService", "{BC5B00CB-3E72-432E-9F33-6082B73192E8}"
EndProject
Project("{FAE04EC0-301F-11D3-BF4B-00C04F79EFBC}") = "IdentityServiceDomain", "IdentityServiceDomain\IdentityServiceDomain.csproj", "{B5BDE1A5-8C04-47B8-800C-4E753FCA395E}"
EndProject
Project("{FAE04EC0-301F-11D3-BF4B-00C04F79EFBC}") = "IdentityServiceInfrastructure", "IdentityServiceInfrastructure\IdentityServiceInfrastructure.csproj", "{1B45DA7E-4A90-4540-8945-A47311CA7F3A}"
EndProject
Project("{FAE04EC0-301F-11D3-BF4B-00C04F79EFBC}") = "JWT", "JWT\JWT.csproj", "{5F670051-3427-4553-841E-7086E84C3A35}"
EndProject
Project("{FAE04EC0-301F-11D3-BF4B-00C04F79EFBC}") = "Infrastructure", "Infrastructure\Infrastructure.csproj", "{82A7074B-9BC9-4496-BA45-EAB36CC20C9C}"
EndProject
Project("{FAE04EC0-301F-11D3-BF4B-00C04F79EFBC}") = "Commons", "Commons\Commons.csproj", "{7F0ED6F1-50A3-4E70-873C-0F100035C172}"
EndProject
Project("{2150E333-8FDC-42A3-9474-1A3956D46DE8}") = "PostService", "PostService", "{D86BB2BE-4B0C-4ECE-B0E6-E73C9274CD3E}"
EndProject
Project("{FAE04EC0-301F-11D3-BF4B-00C04F79EFBC}") = "PostServiceDomain", "PostServiceDomain\PostServiceDomain.csproj", "{37B12154-F266-458B-AF34-55BB3CB093BD}"
EndProject
Project("{FAE04EC0-301F-11D3-BF4B-00C04F79EFBC}") = "CommonsDomain", "CommonsDomain\CommonsDomain.csproj", "{4B237390-7521-481F-BBE3-3755E799F48F}"
EndProject
Project("{FAE04EC0-301F-11D3-BF4B-00C04F79EFBC}") = "PostServicInfrastructure", "PostServicInfrastructure\PostServicInfrastructure.csproj", "{07BC03AD-3F9F-4DBA-A250-77CBB496B28D}"
EndProject
Project("{FAE04EC0-301F-11D3-BF4B-00C04F79EFBC}") = "PostWebApi", "PostWebApi\PostWebApi.csproj", "{E0695C84-693B-4451-AA6F-EBAD22768779}"
EndProject
Global
	GlobalSection(SolutionConfigurationPlatforms) = preSolution
		Debug|Any CPU = Debug|Any CPU
		Release|Any CPU = Release|Any CPU
	EndGlobalSection
	GlobalSection(ProjectConfigurationPlatforms) = postSolution
		{5150A992-CF52-4888-A173-0214C170CE79}.Debug|Any CPU.ActiveCfg = Debug|Any CPU
		{5150A992-CF52-4888-A173-0214C170CE79}.Debug|Any CPU.Build.0 = Debug|Any CPU
		{5150A992-CF52-4888-A173-0214C170CE79}.Release|Any CPU.ActiveCfg = Release|Any CPU
		{5150A992-CF52-4888-A173-0214C170CE79}.Release|Any CPU.Build.0 = Release|Any CPU
		{4D318FFF-FD47-42EB-A8C5-64D99B3F87BB}.Debug|Any CPU.ActiveCfg = Debug|Any CPU
		{4D318FFF-FD47-42EB-A8C5-64D99B3F87BB}.Debug|Any CPU.Build.0 = Debug|Any CPU
		{4D318FFF-FD47-42EB-A8C5-64D99B3F87BB}.Release|Any CPU.ActiveCfg = Release|Any CPU
		{4D318FFF-FD47-42EB-A8C5-64D99B3F87BB}.Release|Any CPU.Build.0 = Release|Any CPU
		{B5BDE1A5-8C04-47B8-800C-4E753FCA395E}.Debug|Any CPU.ActiveCfg = Debug|Any CPU
		{B5BDE1A5-8C04-47B8-800C-4E753FCA395E}.Debug|Any CPU.Build.0 = Debug|Any CPU
		{B5BDE1A5-8C04-47B8-800C-4E753FCA395E}.Release|Any CPU.ActiveCfg = Release|Any CPU
		{B5BDE1A5-8C04-47B8-800C-4E753FCA395E}.Release|Any CPU.Build.0 = Release|Any CPU
		{1B45DA7E-4A90-4540-8945-A47311CA7F3A}.Debug|Any CPU.ActiveCfg = Debug|Any CPU
		{1B45DA7E-4A90-4540-8945-A47311CA7F3A}.Debug|Any CPU.Build.0 = Debug|Any CPU
		{1B45DA7E-4A90-4540-8945-A47311CA7F3A}.Release|Any CPU.ActiveCfg = Release|Any CPU
		{1B45DA7E-4A90-4540-8945-A47311CA7F3A}.Release|Any CPU.Build.0 = Release|Any CPU
		{5F670051-3427-4553-841E-7086E84C3A35}.Debug|Any CPU.ActiveCfg = Debug|Any CPU
		{5F670051-3427-4553-841E-7086E84C3A35}.Debug|Any CPU.Build.0 = Debug|Any CPU
		{5F670051-3427-4553-841E-7086E84C3A35}.Release|Any CPU.ActiveCfg = Release|Any CPU
		{5F670051-3427-4553-841E-7086E84C3A35}.Release|Any CPU.Build.0 = Release|Any CPU
		{82A7074B-9BC9-4496-BA45-EAB36CC20C9C}.Debug|Any CPU.ActiveCfg = Debug|Any CPU
		{82A7074B-9BC9-4496-BA45-EAB36CC20C9C}.Debug|Any CPU.Build.0 = Debug|Any CPU
		{82A7074B-9BC9-4496-BA45-EAB36CC20C9C}.Release|Any CPU.ActiveCfg = Release|Any CPU
		{82A7074B-9BC9-4496-BA45-EAB36CC20C9C}.Release|Any CPU.Build.0 = Release|Any CPU
		{7F0ED6F1-50A3-4E70-873C-0F100035C172}.Debug|Any CPU.ActiveCfg = Debug|Any CPU
		{7F0ED6F1-50A3-4E70-873C-0F100035C172}.Debug|Any CPU.Build.0 = Debug|Any CPU
		{7F0ED6F1-50A3-4E70-873C-0F100035C172}.Release|Any CPU.ActiveCfg = Release|Any CPU
		{7F0ED6F1-50A3-4E70-873C-0F100035C172}.Release|Any CPU.Build.0 = Release|Any CPU
		{37B12154-F266-458B-AF34-55BB3CB093BD}.Debug|Any CPU.ActiveCfg = Debug|Any CPU
		{37B12154-F266-458B-AF34-55BB3CB093BD}.Debug|Any CPU.Build.0 = Debug|Any CPU
		{37B12154-F266-458B-AF34-55BB3CB093BD}.Release|Any CPU.ActiveCfg = Release|Any CPU
		{37B12154-F266-458B-AF34-55BB3CB093BD}.Release|Any CPU.Build.0 = Release|Any CPU
		{4B237390-7521-481F-BBE3-3755E799F48F}.Debug|Any CPU.ActiveCfg = Debug|Any CPU
		{4B237390-7521-481F-BBE3-3755E799F48F}.Debug|Any CPU.Build.0 = Debug|Any CPU
		{4B237390-7521-481F-BBE3-3755E799F48F}.Release|Any CPU.ActiveCfg = Release|Any CPU
		{4B237390-7521-481F-BBE3-3755E799F48F}.Release|Any CPU.Build.0 = Release|Any CPU
		{07BC03AD-3F9F-4DBA-A250-77CBB496B28D}.Debug|Any CPU.ActiveCfg = Debug|Any CPU
		{07BC03AD-3F9F-4DBA-A250-77CBB496B28D}.Debug|Any CPU.Build.0 = Debug|Any CPU
		{07BC03AD-3F9F-4DBA-A250-77CBB496B28D}.Release|Any CPU.ActiveCfg = Release|Any CPU
		{07BC03AD-3F9F-4DBA-A250-77CBB496B28D}.Release|Any CPU.Build.0 = Release|Any CPU
		{E0695C84-693B-4451-AA6F-EBAD22768779}.Debug|Any CPU.ActiveCfg = Debug|Any CPU
		{E0695C84-693B-4451-AA6F-EBAD22768779}.Debug|Any CPU.Build.0 = Debug|Any CPU
		{E0695C84-693B-4451-AA6F-EBAD22768779}.Release|Any CPU.ActiveCfg = Release|Any CPU
		{E0695C84-693B-4451-AA6F-EBAD22768779}.Release|Any CPU.Build.0 = Release|Any CPU
	EndGlobalSection
	GlobalSection(SolutionProperties) = preSolution
		HideSolutionNode = FALSE
	EndGlobalSection
	GlobalSection(NestedProjects) = preSolution
		{5150A992-CF52-4888-A173-0214C170CE79} = {BC5B00CB-3E72-432E-9F33-6082B73192E8}
		{4D318FFF-FD47-42EB-A8C5-64D99B3F87BB} = {477D6E66-D9B5-41F9-A7A4-B1E611B60AC0}
		{B5BDE1A5-8C04-47B8-800C-4E753FCA395E} = {BC5B00CB-3E72-432E-9F33-6082B73192E8}
		{1B45DA7E-4A90-4540-8945-A47311CA7F3A} = {BC5B00CB-3E72-432E-9F33-6082B73192E8}
		{5F670051-3427-4553-841E-7086E84C3A35} = {477D6E66-D9B5-41F9-A7A4-B1E611B60AC0}
		{82A7074B-9BC9-4496-BA45-EAB36CC20C9C} = {477D6E66-D9B5-41F9-A7A4-B1E611B60AC0}
		{7F0ED6F1-50A3-4E70-873C-0F100035C172} = {477D6E66-D9B5-41F9-A7A4-B1E611B60AC0}
		{37B12154-F266-458B-AF34-55BB3CB093BD} = {D86BB2BE-4B0C-4ECE-B0E6-E73C9274CD3E}
		{4B237390-7521-481F-BBE3-3755E799F48F} = {477D6E66-D9B5-41F9-A7A4-B1E611B60AC0}
		{07BC03AD-3F9F-4DBA-A250-77CBB496B28D} = {D86BB2BE-4B0C-4ECE-B0E6-E73C9274CD3E}
		{E0695C84-693B-4451-AA6F-EBAD22768779} = {D86BB2BE-4B0C-4ECE-B0E6-E73C9274CD3E}
	EndGlobalSection
EndGlobal
